
Microsoft Visual Studio Solution File, Format Version 12.00
# Visual Studio Version 16
VisualStudioVersion = 16.0.31911.196
MinimumVisualStudioVersion = 10.0.40219.1
Project("{FAE04EC0-301F-11D3-BF4B-00C04F79EFBC}") = "SimpleUBGNSS", "SimpleUBGNSS\SimpleUBGNSS.csproj", "{605AD0EC-3529-4407-9CD3-353236FEE489}"
EndProject
Global
	GlobalSection(SolutionConfigurationPlatforms) = preSolution
		Debug|Any CPU = Debug|Any CPU
		Release|Any CPU = Release|Any CPU
	EndGlobalSection
	GlobalSection(ProjectConfigurationPlatforms) = postSolution
		{605AD0EC-3529-4407-9CD3-353236FEE489}.Debug|Any CPU.ActiveCfg = Debug|Any CPU
		{605AD0EC-3529-4407-9CD3-353236FEE489}.Debug|Any CPU.Build.0 = Debug|Any CPU
		{605AD0EC-3529-4407-9CD3-353236FEE489}.Release|Any CPU.ActiveCfg = Release|Any CPU
		{605AD0EC-3529-4407-9CD3-353236FEE489}.Release|Any CPU.Build.0 = Release|Any CPU
	EndGlobalSection
	GlobalSection(SolutionProperties) = preSolution
		HideSolutionNode = FALSE
	EndGlobalSection
	GlobalSection(ExtensibilityGlobals) = postSolution
		SolutionGuid = {39A24FA3-DEF3-4976-A44D-AB3638C1EA6E}
	EndGlobalSection
EndGlobal
